
Microsoft Visual Studio Solution File, Format Version 12.00
# Visual Studio Version 17
VisualStudioVersion = 17.3.32825.248
MinimumVisualStudioVersion = 10.0.40219.1
Project("{9A19103F-16F7-4668-BE54-9A1E7A4F7556}") = "EVABMS_AP", "EVABMS_AP\EVABMS_AP\EVABMS_AP.csproj", "{FF917C89-357E-4D05-99BD-93B6D08F65E0}"
EndProject
Project("{9A19103F-16F7-4668-BE54-9A1E7A4F7556}") = "EVABMS_AP.Interface", "EVABMS_AP\EVABMS_AP.Interface\EVABMS_AP.Interface.csproj", "{2900BB72-6DC9-44FF-BBEF-49FF076343E6}"
EndProject
Project("{9A19103F-16F7-4668-BE54-9A1E7A4F7556}") = "EVABMS_AP.Test", "EVABMS_AP\EVABMS_AP.Test\EVABMS_AP.Test.csproj", "{EFF064A0-9A81-463A-8587-DA79F5C03B91}"
EndProject
Project("{9A19103F-16F7-4668-BE54-9A1E7A4F7556}") = "CommonHelper", "Utility\CommonHelper\CommonHelper.csproj", "{557E53FB-873E-4169-B9D6-F7CADE28A23E}"
EndProject
Project("{9A19103F-16F7-4668-BE54-9A1E7A4F7556}") = "EncryptionHelper", "Utility\EncryptionHelper\EncryptionHelper.csproj", "{5066F786-7335-42B3-BA42-E60B2FD15DE5}"
EndProject
Project("{9A19103F-16F7-4668-BE54-9A1E7A4F7556}") = "OracleHelper", "Utility\OracleHelper\OracleHelper\OracleHelper.csproj", "{7FCE6E1C-6EA1-45EB-B53B-CE46E3DEA4AE}"
EndProject
Project("{9A19103F-16F7-4668-BE54-9A1E7A4F7556}") = "UtilityHelper", "Utility\UtilityHelper\UtilityHelper.csproj", "{79B47145-6417-4B3F-A11E-B749840D7ACD}"
EndProject
Project("{9A19103F-16F7-4668-BE54-9A1E7A4F7556}") = "WebCommonHelper", "Utility\WebCommonHelper\WebCommonHelper.csproj", "{EE9DB59B-C0D8-4E98-84C4-9FE3A4934BAC}"
EndProject
Project("{9A19103F-16F7-4668-BE54-9A1E7A4F7556}") = "OracleAttribute", "Utility\OracleAttribute\OracleAttribute.csproj", "{282F66FA-8904-4539-AD34-555FF41ACA6D}"
EndProject
Project("{2150E333-8FDC-42A3-9474-1A3956D46DE8}") = "Utility", "Utility", "{C235BE7C-E7CB-45BA-93AE-6BB051E2B988}"
EndProject
Project("{2150E333-8FDC-42A3-9474-1A3956D46DE8}") = "Parameter Setting", "Parameter Setting", "{B9C975FE-5277-42B5-BAD4-108FC558F46F}"
EndProject
Project("{9A19103F-16F7-4668-BE54-9A1E7A4F7556}") = "EVABMS.AP.Parameter.Infrastructure", "EVABMS_AP\Parameter Setting\EVABMS.AP.ParameterSetting.Infrastructure\EVABMS.AP.Parameter.Infrastructure.csproj", "{F715F09F-1620-46D0-A252-19227EAD6E8D}"
EndProject
Project("{9A19103F-16F7-4668-BE54-9A1E7A4F7556}") = "EVABMS.AP.Parameter.Domain", "EVABMS_AP\Parameter Setting\EVABMS.AP.ParameterSetting.Domain\EVABMS.AP.Parameter.Domain.csproj", "{052EE746-EEC5-480D-821A-4EE03837342D}"
EndProject
Project("{2150E333-8FDC-42A3-9474-1A3956D46DE8}") = "Authorization", "Authorization", "{78442B68-1DB4-43A2-8955-903A0C9245E6}"
EndProject
Project("{9A19103F-16F7-4668-BE54-9A1E7A4F7556}") = "EVABMS.AP.Authorization.Domain", "EVABMS_AP\Authorization\EVABMS.AP.Authorization.Domain\EVABMS.AP.Authorization.Domain.csproj", "{E0E231F4-5E82-46ED-A163-A5CF085306B1}"
EndProject
Project("{9A19103F-16F7-4668-BE54-9A1E7A4F7556}") = "EVABMS.AP.Authorization.Infrastructure", "EVABMS_AP\Authorization\EVABMS.AP.Authorization.Infrastructure\EVABMS.AP.Authorization.Infrastructure.csproj", "{CA4E1B01-6776-4BD3-86D2-7B96CFB92F28}"
EndProject
Project("{9A19103F-16F7-4668-BE54-9A1E7A4F7556}") = "LogHelper", "Utility\LogHelper\LogHelper.csproj", "{C0A1B153-FF32-4EC0-9A9C-06BC5D7983FF}"
EndProject
Project("{2150E333-8FDC-42A3-9474-1A3956D46DE8}") = "Lottery", "Lottery", "{9D48A10C-0AB1-4CA6-B000-E7F9513810D5}"
EndProject
Project("{9A19103F-16F7-4668-BE54-9A1E7A4F7556}") = "EVABMS.AP.Lottery.Domain", "EVABMS_AP\Lottery\EVABMS.AP.Lottery.Domain\EVABMS.AP.Lottery.Domain.csproj", "{B569E8F5-44D8-47F0-8FE4-66D96E1BC9B3}"
EndProject
Project("{9A19103F-16F7-4668-BE54-9A1E7A4F7556}") = "EVABMS.AP.Lottery.Infrastructure", "EVABMS_AP\Lottery\EVABMS.AP.Lottery.Infrastructure\EVABMS.AP.Lottery.Infrastructure.csproj", "{F39819B1-12AB-4A78-B7BF-65A20935C7C8}"
EndProject
Project("{2150E333-8FDC-42A3-9474-1A3956D46DE8}") = "Connecting String", "Connecting String", "{D97097B0-90BB-4716-8270-EF1811C39D43}"
EndProject
Project("{9A19103F-16F7-4668-BE54-9A1E7A4F7556}") = "EVABMS.AP.ConnectingString.Domain", "EVABMS_AP\Connecting String\EVABMS.AP.ConnectingString.Domain\EVABMS.AP.ConnectingString.Domain.csproj", "{D82B43FC-03F6-4DEA-8074-8A51F48F583E}"
EndProject
Project("{9A19103F-16F7-4668-BE54-9A1E7A4F7556}") = "EVABMS.AP.ConnectingString.Infrastructure", "EVABMS_AP\Connecting String\EVABMS.AP.ConnectingString.Infrastructure\EVABMS.AP.ConnectingString.Infrastructure.csproj", "{725D48F0-D192-4C78-B0E3-4792876FAFB4}"
EndProject
Project("{2150E333-8FDC-42A3-9474-1A3956D46DE8}") = "Survey", "Survey", "{C0D74C23-1AF6-408D-B4F8-D883CCA5D929}"
EndProject
Project("{9A19103F-16F7-4668-BE54-9A1E7A4F7556}") = "EVABMS.AP.Survey.Domain", "EVABMS_AP\Survey\EVABMS.AP.Survey.Domain\EVABMS.AP.Survey.Domain.csproj", "{658A927D-C052-4C7B-B8ED-2325DEC7F96C}"
EndProject
Project("{9A19103F-16F7-4668-BE54-9A1E7A4F7556}") = "EVABMS.AP.Survey.Infrastructure", "EVABMS_AP\Survey\EVABMS.AP.Survey.Infrastructure\EVABMS.AP.Survey.Infrastructure.csproj", "{733DEDA8-8830-4C99-96A5-7742E7B521A6}"
EndProject
Project("{9A19103F-16F7-4668-BE54-9A1E7A4F7556}") = "SeriLogHelper", "Utility\SeriLogHelper\SeriLogHelper.csproj", "{B286D4D5-6C68-4E36-9AEE-11685155D276}"
EndProject
Project("{2150E333-8FDC-42A3-9474-1A3956D46DE8}") = "FIS", "FIS", "{97139A6C-695A-461A-BA49-C4E8D0A80568}"
EndProject
Project("{FAE04EC0-301F-11D3-BF4B-00C04F79EFBC}") = "EVABMS.AP.FIS.Domain", "EVABMS_AP\FIS\EVABMS.AP.FIS.Domain\EVABMS.AP.FIS.Domain.csproj", "{357B249E-4B25-4262-95A5-12E5A7263538}"
EndProject
Project("{9A19103F-16F7-4668-BE54-9A1E7A4F7556}") = "EVABMS.AP.FIS.Infrastructure", "EVABMS_AP\FIS\EVABMS.AP.FIS.Infrastructure\EVABMS.AP.FIS.Infrastructure.csproj", "{6BE4E77E-BB16-4DFB-95B7-633B3FE791DD}"
EndProject
Global
	GlobalSection(SolutionConfigurationPlatforms) = preSolution
		Debug|Any CPU = Debug|Any CPU
		Release|Any CPU = Release|Any CPU
	EndGlobalSection
	GlobalSection(ProjectConfigurationPlatforms) = postSolution
		{FF917C89-357E-4D05-99BD-93B6D08F65E0}.Debug|Any CPU.ActiveCfg = Debug|Any CPU
		{FF917C89-357E-4D05-99BD-93B6D08F65E0}.Debug|Any CPU.Build.0 = Debug|Any CPU
		{FF917C89-357E-4D05-99BD-93B6D08F65E0}.Release|Any CPU.ActiveCfg = Release|Any CPU
		{FF917C89-357E-4D05-99BD-93B6D08F65E0}.Release|Any CPU.Build.0 = Release|Any CPU
		{2900BB72-6DC9-44FF-BBEF-49FF076343E6}.Debug|Any CPU.ActiveCfg = Debug|Any CPU
		{2900BB72-6DC9-44FF-BBEF-49FF076343E6}.Debug|Any CPU.Build.0 = Debug|Any CPU
		{2900BB72-6DC9-44FF-BBEF-49FF076343E6}.Release|Any CPU.ActiveCfg = Release|Any CPU
		{2900BB72-6DC9-44FF-BBEF-49FF076343E6}.Release|Any CPU.Build.0 = Release|Any CPU
		{EFF064A0-9A81-463A-8587-DA79F5C03B91}.Debug|Any CPU.ActiveCfg = Debug|Any CPU
		{EFF064A0-9A81-463A-8587-DA79F5C03B91}.Debug|Any CPU.Build.0 = Debug|Any CPU
		{EFF064A0-9A81-463A-8587-DA79F5C03B91}.Release|Any CPU.ActiveCfg = Release|Any CPU
		{EFF064A0-9A81-463A-8587-DA79F5C03B91}.Release|Any CPU.Build.0 = Release|Any CPU
		{557E53FB-873E-4169-B9D6-F7CADE28A23E}.Debug|Any CPU.ActiveCfg = Debug|Any CPU
		{557E53FB-873E-4169-B9D6-F7CADE28A23E}.Debug|Any CPU.Build.0 = Debug|Any CPU
		{557E53FB-873E-4169-B9D6-F7CADE28A23E}.Release|Any CPU.ActiveCfg = Release|Any CPU
		{557E53FB-873E-4169-B9D6-F7CADE28A23E}.Release|Any CPU.Build.0 = Release|Any CPU
		{5066F786-7335-42B3-BA42-E60B2FD15DE5}.Debug|Any CPU.ActiveCfg = Debug|Any CPU
		{5066F786-7335-42B3-BA42-E60B2FD15DE5}.Debug|Any CPU.Build.0 = Debug|Any CPU
		{5066F786-7335-42B3-BA42-E60B2FD15DE5}.Release|Any CPU.ActiveCfg = Release|Any CPU
		{5066F786-7335-42B3-BA42-E60B2FD15DE5}.Release|Any CPU.Build.0 = Release|Any CPU
		{7FCE6E1C-6EA1-45EB-B53B-CE46E3DEA4AE}.Debug|Any CPU.ActiveCfg = Debug|Any CPU
		{7FCE6E1C-6EA1-45EB-B53B-CE46E3DEA4AE}.Debug|Any CPU.Build.0 = Debug|Any CPU
		{7FCE6E1C-6EA1-45EB-B53B-CE46E3DEA4AE}.Release|Any CPU.ActiveCfg = Release|Any CPU
		{7FCE6E1C-6EA1-45EB-B53B-CE46E3DEA4AE}.Release|Any CPU.Build.0 = Release|Any CPU
		{79B47145-6417-4B3F-A11E-B749840D7ACD}.Debug|Any CPU.ActiveCfg = Debug|Any CPU
		{79B47145-6417-4B3F-A11E-B749840D7ACD}.Debug|Any CPU.Build.0 = Debug|Any CPU
		{79B47145-6417-4B3F-A11E-B749840D7ACD}.Release|Any CPU.ActiveCfg = Release|Any CPU
		{79B47145-6417-4B3F-A11E-B749840D7ACD}.Release|Any CPU.Build.0 = Release|Any CPU
		{EE9DB59B-C0D8-4E98-84C4-9FE3A4934BAC}.Debug|Any CPU.ActiveCfg = Debug|Any CPU
		{EE9DB59B-C0D8-4E98-84C4-9FE3A4934BAC}.Debug|Any CPU.Build.0 = Debug|Any CPU
		{EE9DB59B-C0D8-4E98-84C4-9FE3A4934BAC}.Release|Any CPU.ActiveCfg = Release|Any CPU
		{EE9DB59B-C0D8-4E98-84C4-9FE3A4934BAC}.Release|Any CPU.Build.0 = Release|Any CPU
		{282F66FA-8904-4539-AD34-555FF41ACA6D}.Debug|Any CPU.ActiveCfg = Debug|Any CPU
		{282F66FA-8904-4539-AD34-555FF41ACA6D}.Debug|Any CPU.Build.0 = Debug|Any CPU
		{282F66FA-8904-4539-AD34-555FF41ACA6D}.Release|Any CPU.ActiveCfg = Release|Any CPU
		{282F66FA-8904-4539-AD34-555FF41ACA6D}.Release|Any CPU.Build.0 = Release|Any CPU
		{F715F09F-1620-46D0-A252-19227EAD6E8D}.Debug|Any CPU.ActiveCfg = Debug|Any CPU
		{F715F09F-1620-46D0-A252-19227EAD6E8D}.Debug|Any CPU.Build.0 = Debug|Any CPU
		{F715F09F-1620-46D0-A252-19227EAD6E8D}.Release|Any CPU.ActiveCfg = Release|Any CPU
		{F715F09F-1620-46D0-A252-19227EAD6E8D}.Release|Any CPU.Build.0 = Release|Any CPU
		{052EE746-EEC5-480D-821A-4EE03837342D}.Debug|Any CPU.ActiveCfg = Debug|Any CPU
		{052EE746-EEC5-480D-821A-4EE03837342D}.Debug|Any CPU.Build.0 = Debug|Any CPU
		{052EE746-EEC5-480D-821A-4EE03837342D}.Release|Any CPU.ActiveCfg = Release|Any CPU
		{052EE746-EEC5-480D-821A-4EE03837342D}.Release|Any CPU.Build.0 = Release|Any CPU
		{E0E231F4-5E82-46ED-A163-A5CF085306B1}.Debug|Any CPU.ActiveCfg = Debug|Any CPU
		{E0E231F4-5E82-46ED-A163-A5CF085306B1}.Debug|Any CPU.Build.0 = Debug|Any CPU
		{E0E231F4-5E82-46ED-A163-A5CF085306B1}.Release|Any CPU.ActiveCfg = Release|Any CPU
		{E0E231F4-5E82-46ED-A163-A5CF085306B1}.Release|Any CPU.Build.0 = Release|Any CPU
		{CA4E1B01-6776-4BD3-86D2-7B96CFB92F28}.Debug|Any CPU.ActiveCfg = Debug|Any CPU
		{CA4E1B01-6776-4BD3-86D2-7B96CFB92F28}.Debug|Any CPU.Build.0 = Debug|Any CPU
		{CA4E1B01-6776-4BD3-86D2-7B96CFB92F28}.Release|Any CPU.ActiveCfg = Release|Any CPU
		{CA4E1B01-6776-4BD3-86D2-7B96CFB92F28}.Release|Any CPU.Build.0 = Release|Any CPU
		{C0A1B153-FF32-4EC0-9A9C-06BC5D7983FF}.Debug|Any CPU.ActiveCfg = Debug|Any CPU
		{C0A1B153-FF32-4EC0-9A9C-06BC5D7983FF}.Debug|Any CPU.Build.0 = Debug|Any CPU
		{C0A1B153-FF32-4EC0-9A9C-06BC5D7983FF}.Release|Any CPU.ActiveCfg = Release|Any CPU
		{C0A1B153-FF32-4EC0-9A9C-06BC5D7983FF}.Release|Any CPU.Build.0 = Release|Any CPU
		{B569E8F5-44D8-47F0-8FE4-66D96E1BC9B3}.Debug|Any CPU.ActiveCfg = Debug|Any CPU
		{B569E8F5-44D8-47F0-8FE4-66D96E1BC9B3}.Debug|Any CPU.Build.0 = Debug|Any CPU
		{B569E8F5-44D8-47F0-8FE4-66D96E1BC9B3}.Release|Any CPU.ActiveCfg = Release|Any CPU
		{B569E8F5-44D8-47F0-8FE4-66D96E1BC9B3}.Release|Any CPU.Build.0 = Release|Any CPU
		{F39819B1-12AB-4A78-B7BF-65A20935C7C8}.Debug|Any CPU.ActiveCfg = Debug|Any CPU
		{F39819B1-12AB-4A78-B7BF-65A20935C7C8}.Debug|Any CPU.Build.0 = Debug|Any CPU
		{F39819B1-12AB-4A78-B7BF-65A20935C7C8}.Release|Any CPU.ActiveCfg = Release|Any CPU
		{F39819B1-12AB-4A78-B7BF-65A20935C7C8}.Release|Any CPU.Build.0 = Release|Any CPU
		{D82B43FC-03F6-4DEA-8074-8A51F48F583E}.Debug|Any CPU.ActiveCfg = Debug|Any CPU
		{D82B43FC-03F6-4DEA-8074-8A51F48F583E}.Debug|Any CPU.Build.0 = Debug|Any CPU
		{D82B43FC-03F6-4DEA-8074-8A51F48F583E}.Release|Any CPU.ActiveCfg = Release|Any CPU
		{D82B43FC-03F6-4DEA-8074-8A51F48F583E}.Release|Any CPU.Build.0 = Release|Any CPU
		{725D48F0-D192-4C78-B0E3-4792876FAFB4}.Debug|Any CPU.ActiveCfg = Debug|Any CPU
		{725D48F0-D192-4C78-B0E3-4792876FAFB4}.Debug|Any CPU.Build.0 = Debug|Any CPU
		{725D48F0-D192-4C78-B0E3-4792876FAFB4}.Release|Any CPU.ActiveCfg = Release|Any CPU
		{725D48F0-D192-4C78-B0E3-4792876FAFB4}.Release|Any CPU.Build.0 = Release|Any CPU
		{658A927D-C052-4C7B-B8ED-2325DEC7F96C}.Debug|Any CPU.ActiveCfg = Debug|Any CPU
		{658A927D-C052-4C7B-B8ED-2325DEC7F96C}.Debug|Any CPU.Build.0 = Debug|Any CPU
		{658A927D-C052-4C7B-B8ED-2325DEC7F96C}.Release|Any CPU.ActiveCfg = Release|Any CPU
		{658A927D-C052-4C7B-B8ED-2325DEC7F96C}.Release|Any CPU.Build.0 = Release|Any CPU
		{733DEDA8-8830-4C99-96A5-7742E7B521A6}.Debug|Any CPU.ActiveCfg = Debug|Any CPU
		{733DEDA8-8830-4C99-96A5-7742E7B521A6}.Debug|Any CPU.Build.0 = Debug|Any CPU
		{733DEDA8-8830-4C99-96A5-7742E7B521A6}.Release|Any CPU.ActiveCfg = Release|Any CPU
		{733DEDA8-8830-4C99-96A5-7742E7B521A6}.Release|Any CPU.Build.0 = Release|Any CPU
		{B286D4D5-6C68-4E36-9AEE-11685155D276}.Debug|Any CPU.ActiveCfg = Debug|Any CPU
		{B286D4D5-6C68-4E36-9AEE-11685155D276}.Debug|Any CPU.Build.0 = Debug|Any CPU
		{B286D4D5-6C68-4E36-9AEE-11685155D276}.Release|Any CPU.ActiveCfg = Release|Any CPU
		{B286D4D5-6C68-4E36-9AEE-11685155D276}.Release|Any CPU.Build.0 = Release|Any CPU
		{357B249E-4B25-4262-95A5-12E5A7263538}.Debug|Any CPU.ActiveCfg = Debug|Any CPU
		{357B249E-4B25-4262-95A5-12E5A7263538}.Debug|Any CPU.Build.0 = Debug|Any CPU
		{357B249E-4B25-4262-95A5-12E5A7263538}.Release|Any CPU.ActiveCfg = Release|Any CPU
		{357B249E-4B25-4262-95A5-12E5A7263538}.Release|Any CPU.Build.0 = Release|Any CPU
		{6BE4E77E-BB16-4DFB-95B7-633B3FE791DD}.Debug|Any CPU.ActiveCfg = Debug|Any CPU
		{6BE4E77E-BB16-4DFB-95B7-633B3FE791DD}.Debug|Any CPU.Build.0 = Debug|Any CPU
		{6BE4E77E-BB16-4DFB-95B7-633B3FE791DD}.Release|Any CPU.ActiveCfg = Release|Any CPU
		{6BE4E77E-BB16-4DFB-95B7-633B3FE791DD}.Release|Any CPU.Build.0 = Release|Any CPU
	EndGlobalSection
	GlobalSection(SolutionProperties) = preSolution
		HideSolutionNode = FALSE
	EndGlobalSection
	GlobalSection(NestedProjects) = preSolution
		{557E53FB-873E-4169-B9D6-F7CADE28A23E} = {C235BE7C-E7CB-45BA-93AE-6BB051E2B988}
		{5066F786-7335-42B3-BA42-E60B2FD15DE5} = {C235BE7C-E7CB-45BA-93AE-6BB051E2B988}
		{7FCE6E1C-6EA1-45EB-B53B-CE46E3DEA4AE} = {C235BE7C-E7CB-45BA-93AE-6BB051E2B988}
		{79B47145-6417-4B3F-A11E-B749840D7ACD} = {C235BE7C-E7CB-45BA-93AE-6BB051E2B988}
		{EE9DB59B-C0D8-4E98-84C4-9FE3A4934BAC} = {C235BE7C-E7CB-45BA-93AE-6BB051E2B988}
		{282F66FA-8904-4539-AD34-555FF41ACA6D} = {C235BE7C-E7CB-45BA-93AE-6BB051E2B988}
		{F715F09F-1620-46D0-A252-19227EAD6E8D} = {B9C975FE-5277-42B5-BAD4-108FC558F46F}
		{052EE746-EEC5-480D-821A-4EE03837342D} = {B9C975FE-5277-42B5-BAD4-108FC558F46F}
		{E0E231F4-5E82-46ED-A163-A5CF085306B1} = {78442B68-1DB4-43A2-8955-903A0C9245E6}
		{CA4E1B01-6776-4BD3-86D2-7B96CFB92F28} = {78442B68-1DB4-43A2-8955-903A0C9245E6}
		{C0A1B153-FF32-4EC0-9A9C-06BC5D7983FF} = {C235BE7C-E7CB-45BA-93AE-6BB051E2B988}
		{B569E8F5-44D8-47F0-8FE4-66D96E1BC9B3} = {9D48A10C-0AB1-4CA6-B000-E7F9513810D5}
		{F39819B1-12AB-4A78-B7BF-65A20935C7C8} = {9D48A10C-0AB1-4CA6-B000-E7F9513810D5}
		{D82B43FC-03F6-4DEA-8074-8A51F48F583E} = {D97097B0-90BB-4716-8270-EF1811C39D43}
		{725D48F0-D192-4C78-B0E3-4792876FAFB4} = {D97097B0-90BB-4716-8270-EF1811C39D43}
		{658A927D-C052-4C7B-B8ED-2325DEC7F96C} = {C0D74C23-1AF6-408D-B4F8-D883CCA5D929}
		{733DEDA8-8830-4C99-96A5-7742E7B521A6} = {C0D74C23-1AF6-408D-B4F8-D883CCA5D929}
		{B286D4D5-6C68-4E36-9AEE-11685155D276} = {C235BE7C-E7CB-45BA-93AE-6BB051E2B988}
		{357B249E-4B25-4262-95A5-12E5A7263538} = {97139A6C-695A-461A-BA49-C4E8D0A80568}
		{6BE4E77E-BB16-4DFB-95B7-633B3FE791DD} = {97139A6C-695A-461A-BA49-C4E8D0A80568}
	EndGlobalSection
	GlobalSection(ExtensibilityGlobals) = postSolution
		SolutionGuid = {1A9D662C-AA97-4B5D-912F-8F1F18AB8FEA}
	EndGlobalSection
EndGlobal
