
Microsoft Visual Studio Solution File, Format Version 12.00
# Visual Studio Version 17
VisualStudioVersion = 17.3.32825.248
MinimumVisualStudioVersion = 10.0.40219.1
Project("{9A19103F-16F7-4668-BE54-9A1E7A4F7556}") = "EVABMS_WEB", "EVABMS_WEB\EVABMS_WEB\EVABMS_WEB.csproj", "{3B4CF854-4116-4BFA-B5FF-4F156C2E9CAB}"
EndProject
Project("{9A19103F-16F7-4668-BE54-9A1E7A4F7556}") = "CommonHelper", "Utility\CommonHelper\CommonHelper.csproj", "{800A7460-FB95-4661-840D-010127EF2AED}"
EndProject
Project("{9A19103F-16F7-4668-BE54-9A1E7A4F7556}") = "UtilityHelper", "Utility\UtilityHelper\UtilityHelper.csproj", "{D979B79F-F538-4D40-AED9-934FBE88E051}"
EndProject
Project("{9A19103F-16F7-4668-BE54-9A1E7A4F7556}") = "WebCommonHelper", "Utility\WebCommonHelper\WebCommonHelper.csproj", "{9C6C4B03-9030-4522-93FD-15F79DAA1A03}"
EndProject
Project("{9A19103F-16F7-4668-BE54-9A1E7A4F7556}") = "EVABMS_AP.Interface", "EVABMS_AP\EVABMS_AP.Interface\EVABMS_AP.Interface.csproj", "{FD475E0C-2D39-44A2-91BF-5BBD155EF236}"
EndProject
Project("{9A19103F-16F7-4668-BE54-9A1E7A4F7556}") = "EVABMS.AP.Parameter.Domain", "EVABMS_AP\Parameter Setting\EVABMS.AP.ParameterSetting.Domain\EVABMS.AP.Parameter.Domain.csproj", "{B3CCD619-D360-4496-889C-705219C5CD14}"
EndProject
Project("{9A19103F-16F7-4668-BE54-9A1E7A4F7556}") = "EVABMS.AP.Lottery.Domain", "EVABMS_AP\Lottery\EVABMS.AP.Lottery.Domain\EVABMS.AP.Lottery.Domain.csproj", "{81472C45-192D-4FBE-A81A-D1F48C619A7D}"
EndProject
Project("{2150E333-8FDC-42A3-9474-1A3956D46DE8}") = "Entities", "Entities", "{8107934E-53AC-4D1B-B0D8-05599B490CE5}"
EndProject
Project("{9A19103F-16F7-4668-BE54-9A1E7A4F7556}") = "EVABMS.AP.Authorization.Domain", "EVABMS_AP\Authorization\EVABMS.AP.Authorization.Domain\EVABMS.AP.Authorization.Domain.csproj", "{63831D0B-0754-4B0D-B2FC-F0297911B234}"
EndProject
Project("{2150E333-8FDC-42A3-9474-1A3956D46DE8}") = "Utility", "Utility", "{7FB050B4-2A2F-480D-AB05-25FE3B905B2E}"
EndProject
Project("{9A19103F-16F7-4668-BE54-9A1E7A4F7556}") = "EncryptionHelper", "Utility\EncryptionHelper\EncryptionHelper.csproj", "{1E5814E3-31B8-40B5-A0FF-354A13A1F65E}"
EndProject
Project("{9A19103F-16F7-4668-BE54-9A1E7A4F7556}") = "EVABMS.AP.ConnectingString.Domain", "EVABMS_AP\Connecting String\EVABMS.AP.ConnectingString.Domain\EVABMS.AP.ConnectingString.Domain.csproj", "{BABA1E33-4624-45B7-9531-3721D957C820}"
EndProject
Global
	GlobalSection(SolutionConfigurationPlatforms) = preSolution
		Debug|Any CPU = Debug|Any CPU
		Release|Any CPU = Release|Any CPU
	EndGlobalSection
	GlobalSection(ProjectConfigurationPlatforms) = postSolution
		{3B4CF854-4116-4BFA-B5FF-4F156C2E9CAB}.Debug|Any CPU.ActiveCfg = Debug|Any CPU
		{3B4CF854-4116-4BFA-B5FF-4F156C2E9CAB}.Debug|Any CPU.Build.0 = Debug|Any CPU
		{3B4CF854-4116-4BFA-B5FF-4F156C2E9CAB}.Release|Any CPU.ActiveCfg = Release|Any CPU
		{3B4CF854-4116-4BFA-B5FF-4F156C2E9CAB}.Release|Any CPU.Build.0 = Release|Any CPU
		{800A7460-FB95-4661-840D-010127EF2AED}.Debug|Any CPU.ActiveCfg = Debug|Any CPU
		{800A7460-FB95-4661-840D-010127EF2AED}.Debug|Any CPU.Build.0 = Debug|Any CPU
		{800A7460-FB95-4661-840D-010127EF2AED}.Release|Any CPU.ActiveCfg = Release|Any CPU
		{800A7460-FB95-4661-840D-010127EF2AED}.Release|Any CPU.Build.0 = Release|Any CPU
		{D979B79F-F538-4D40-AED9-934FBE88E051}.Debug|Any CPU.ActiveCfg = Debug|Any CPU
		{D979B79F-F538-4D40-AED9-934FBE88E051}.Debug|Any CPU.Build.0 = Debug|Any CPU
		{D979B79F-F538-4D40-AED9-934FBE88E051}.Release|Any CPU.ActiveCfg = Release|Any CPU
		{D979B79F-F538-4D40-AED9-934FBE88E051}.Release|Any CPU.Build.0 = Release|Any CPU
		{9C6C4B03-9030-4522-93FD-15F79DAA1A03}.Debug|Any CPU.ActiveCfg = Debug|Any CPU
		{9C6C4B03-9030-4522-93FD-15F79DAA1A03}.Debug|Any CPU.Build.0 = Debug|Any CPU
		{9C6C4B03-9030-4522-93FD-15F79DAA1A03}.Release|Any CPU.ActiveCfg = Release|Any CPU
		{9C6C4B03-9030-4522-93FD-15F79DAA1A03}.Release|Any CPU.Build.0 = Release|Any CPU
		{FD475E0C-2D39-44A2-91BF-5BBD155EF236}.Debug|Any CPU.ActiveCfg = Debug|Any CPU
		{FD475E0C-2D39-44A2-91BF-5BBD155EF236}.Debug|Any CPU.Build.0 = Debug|Any CPU
		{FD475E0C-2D39-44A2-91BF-5BBD155EF236}.Release|Any CPU.ActiveCfg = Release|Any CPU
		{FD475E0C-2D39-44A2-91BF-5BBD155EF236}.Release|Any CPU.Build.0 = Release|Any CPU
		{B3CCD619-D360-4496-889C-705219C5CD14}.Debug|Any CPU.ActiveCfg = Debug|Any CPU
		{B3CCD619-D360-4496-889C-705219C5CD14}.Debug|Any CPU.Build.0 = Debug|Any CPU
		{B3CCD619-D360-4496-889C-705219C5CD14}.Release|Any CPU.ActiveCfg = Release|Any CPU
		{B3CCD619-D360-4496-889C-705219C5CD14}.Release|Any CPU.Build.0 = Release|Any CPU
		{81472C45-192D-4FBE-A81A-D1F48C619A7D}.Debug|Any CPU.ActiveCfg = Debug|Any CPU
		{81472C45-192D-4FBE-A81A-D1F48C619A7D}.Debug|Any CPU.Build.0 = Debug|Any CPU
		{81472C45-192D-4FBE-A81A-D1F48C619A7D}.Release|Any CPU.ActiveCfg = Release|Any CPU
		{81472C45-192D-4FBE-A81A-D1F48C619A7D}.Release|Any CPU.Build.0 = Release|Any CPU
		{63831D0B-0754-4B0D-B2FC-F0297911B234}.Debug|Any CPU.ActiveCfg = Debug|Any CPU
		{63831D0B-0754-4B0D-B2FC-F0297911B234}.Debug|Any CPU.Build.0 = Debug|Any CPU
		{63831D0B-0754-4B0D-B2FC-F0297911B234}.Release|Any CPU.ActiveCfg = Release|Any CPU
		{63831D0B-0754-4B0D-B2FC-F0297911B234}.Release|Any CPU.Build.0 = Release|Any CPU
		{1E5814E3-31B8-40B5-A0FF-354A13A1F65E}.Debug|Any CPU.ActiveCfg = Debug|Any CPU
		{1E5814E3-31B8-40B5-A0FF-354A13A1F65E}.Debug|Any CPU.Build.0 = Debug|Any CPU
		{1E5814E3-31B8-40B5-A0FF-354A13A1F65E}.Release|Any CPU.ActiveCfg = Release|Any CPU
		{1E5814E3-31B8-40B5-A0FF-354A13A1F65E}.Release|Any CPU.Build.0 = Release|Any CPU
		{BABA1E33-4624-45B7-9531-3721D957C820}.Debug|Any CPU.ActiveCfg = Debug|Any CPU
		{BABA1E33-4624-45B7-9531-3721D957C820}.Debug|Any CPU.Build.0 = Debug|Any CPU
		{BABA1E33-4624-45B7-9531-3721D957C820}.Release|Any CPU.ActiveCfg = Release|Any CPU
		{BABA1E33-4624-45B7-9531-3721D957C820}.Release|Any CPU.Build.0 = Release|Any CPU
	EndGlobalSection
	GlobalSection(SolutionProperties) = preSolution
		HideSolutionNode = FALSE
	EndGlobalSection
	GlobalSection(NestedProjects) = preSolution
		{800A7460-FB95-4661-840D-010127EF2AED} = {7FB050B4-2A2F-480D-AB05-25FE3B905B2E}
		{D979B79F-F538-4D40-AED9-934FBE88E051} = {7FB050B4-2A2F-480D-AB05-25FE3B905B2E}
		{9C6C4B03-9030-4522-93FD-15F79DAA1A03} = {7FB050B4-2A2F-480D-AB05-25FE3B905B2E}
		{B3CCD619-D360-4496-889C-705219C5CD14} = {8107934E-53AC-4D1B-B0D8-05599B490CE5}
		{81472C45-192D-4FBE-A81A-D1F48C619A7D} = {8107934E-53AC-4D1B-B0D8-05599B490CE5}
		{63831D0B-0754-4B0D-B2FC-F0297911B234} = {8107934E-53AC-4D1B-B0D8-05599B490CE5}
		{1E5814E3-31B8-40B5-A0FF-354A13A1F65E} = {7FB050B4-2A2F-480D-AB05-25FE3B905B2E}
		{BABA1E33-4624-45B7-9531-3721D957C820} = {8107934E-53AC-4D1B-B0D8-05599B490CE5}
	EndGlobalSection
	GlobalSection(ExtensibilityGlobals) = postSolution
		SolutionGuid = {1A9D662C-AA97-4B5D-912F-8F1F18AB8FEA}
	EndGlobalSection
EndGlobal
